# This file was autogenerated by Stack.
# You should not edit this file by hand.
# For more information, please see the documentation at:
#   https://docs.haskellstack.org/en/stable/lock_files

packages:
- completed:
    hackage: snappy-framing-0.1.2@sha256:68c8f44e7b1e04d0342b83bae62f390350875bc4fcf4c203c0ad012323508f64,1196
    pantry-tree:
      size: 353
      sha256: ea6264bffff23359dabd83d38f58247277c20a0b669779c0a76c3cf5f79d9234
  original:
    hackage: snappy-framing-0.1.2
- completed:
    hackage: snappy-0.2.0.2@sha256:2931b03c5fdab2dac8d7eadb3be2f4ef8906666e43f1f1db65a06efd57ea701b,1591
    pantry-tree:
      size: 709
      sha256: cd05c6ddfbbd3969adab3869d38d161e5ec8e72b1a72e00ca08f5e39538368cf
  original:
    hackage: snappy-0.2.0.2
- completed:
    subdir: tensorflow
    name: tensorflow
    version: 0.2.0.1
    git: ./tensorflow
    pantry-tree:
      size: 1483596
      sha256: e2ec324681d97c6852e4598e1bb0d0602c6ff1dec28e748b5d8ee06a94477797
    commit: fcb5e31b5c9c5b200654bc2cc958cf920ce89ef7
  original:
    subdir: tensorflow
    git: ./tensorflow
    commit: fcb5e31b5c9c5b200654bc2cc958cf920ce89ef7
- completed:
    subdir: tensorflow-core-ops
    name: tensorflow-core-ops
    version: 0.2.0.1
    git: ./tensorflow
    pantry-tree:
      size: 166
      sha256: 54f34b756524cb54661411aab619efd163508c583e1d0e8c0901942932175bbd
    commit: fcb5e31b5c9c5b200654bc2cc958cf920ce89ef7
  original:
    subdir: tensorflow-core-ops
    git: ./tensorflow
    commit: fcb5e31b5c9c5b200654bc2cc958cf920ce89ef7
- completed:
    subdir: tensorflow-logging
    name: tensorflow-logging
    version: 0.2.0.1
    git: ./tensorflow
    pantry-tree:
      size: 290
      sha256: 57041bbd81afd426c5708c8dcbcb0b93cb84c42464cafea6db9de608afddb332
    commit: fcb5e31b5c9c5b200654bc2cc958cf920ce89ef7
  original:
    subdir: tensorflow-logging
    git: ./tensorflow
    commit: fcb5e31b5c9c5b200654bc2cc958cf920ce89ef7
- completed:
    subdir: tensorflow-mnist
    name: tensorflow-mnist
    version: 0.1.0.0
    git: ./tensorflow
    pantry-tree:
      size: 616
      sha256: 81b2b5f3b4e9d233a7e38b3448fa2133d1eec46802abeaff2b9547853f8863c8
    commit: fcb5e31b5c9c5b200654bc2cc958cf920ce89ef7
  original:
    subdir: tensorflow-mnist
    git: ./tensorflow
    commit: fcb5e31b5c9c5b200654bc2cc958cf920ce89ef7
- completed:
    subdir: tensorflow-mnist-input-data
    name: tensorflow-mnist-input-data
    version: 0.1.0.0
    git: ./tensorflow
    pantry-tree:
      size: 329
      sha256: 0192fb1ee9ba862491ca0dad4368f41c7a8d6ad9b07f93be4365296c54c0726f
    commit: fcb5e31b5c9c5b200654bc2cc958cf920ce89ef7
  original:
    subdir: tensorflow-mnist-input-data
    git: ./tensorflow
    commit: fcb5e31b5c9c5b200654bc2cc958cf920ce89ef7
- completed:
    subdir: tensorflow-opgen
    name: tensorflow-opgen
    version: 0.2.0.1
    git: ./tensorflow
    pantry-tree:
      size: 1666546
      sha256: 3cdcddca2a6e3b2adff5948e280f34ca368f294c5a7e49bc8852d5ca8b158ba4
    commit: fcb5e31b5c9c5b200654bc2cc958cf920ce89ef7
  original:
    subdir: tensorflow-opgen
    git: ./tensorflow
    commit: fcb5e31b5c9c5b200654bc2cc958cf920ce89ef7
- completed:
    subdir: tensorflow-ops
    name: tensorflow-ops
    version: 0.2.0.1
    git: ./tensorflow
    pantry-tree:
      size: 1535
      sha256: 8827b33f38e37687b61d49f316b1d74f11ce5270bf002f62761c6085360527e1
    commit: fcb5e31b5c9c5b200654bc2cc958cf920ce89ef7
  original:
    subdir: tensorflow-ops
    git: ./tensorflow
    commit: fcb5e31b5c9c5b200654bc2cc958cf920ce89ef7
- completed:
    subdir: tensorflow-proto
    name: tensorflow-proto
    version: 0.2.0.1
    git: ./tensorflow
    pantry-tree:
      size: 1666409
      sha256: 468aff118b9cddbba239f0ccdee13fa46acb1096939a0688cbb2d63f27116553
    commit: fcb5e31b5c9c5b200654bc2cc958cf920ce89ef7
  original:
    subdir: tensorflow-proto
    git: ./tensorflow
    commit: fcb5e31b5c9c5b200654bc2cc958cf920ce89ef7
- completed:
    subdir: tensorflow-records
    name: tensorflow-records
    version: 0.1.0.0
    git: ./tensorflow
    pantry-tree:
      size: 348
      sha256: e582e0011d3581f16aed3725862a1e56c93cdbf533f1e7dde5e57b18ee784ad2
    commit: fcb5e31b5c9c5b200654bc2cc958cf920ce89ef7
  original:
    subdir: tensorflow-records
    git: ./tensorflow
    commit: fcb5e31b5c9c5b200654bc2cc958cf920ce89ef7
- completed:
    subdir: tensorflow-records-conduit
    name: tensorflow-records-conduit
    version: 0.1.0.0
    git: ./tensorflow
    pantry-tree:
      size: 244
      sha256: 01cc46531686d83c69841a4955f2d34390fa50044a1dffa3ae87982a681866db
    commit: fcb5e31b5c9c5b200654bc2cc958cf920ce89ef7
  original:
    subdir: tensorflow-records-conduit
    git: ./tensorflow
    commit: fcb5e31b5c9c5b200654bc2cc958cf920ce89ef7
- completed:
    subdir: tensorflow-test
    name: tensorflow-test
    version: 0.1.0.0
    git: ./tensorflow
    pantry-tree:
      size: 222
      sha256: 00b11e018a42f4c9c42f9af4b155c6d6d84be90ffc57ba6e7958cefead8f8596
    commit: fcb5e31b5c9c5b200654bc2cc958cf920ce89ef7
  original:
    subdir: tensorflow-test
    git: ./tensorflow
    commit: fcb5e31b5c9c5b200654bc2cc958cf920ce89ef7
snapshots:
- completed:
    size: 531701
    url: https://raw.githubusercontent.com/commercialhaskell/stackage-snapshots/master/lts/16/4.yaml
    sha256: d6119cdacc6d6b39c0bb8f6e11e8db6a21e92a38552e0d553414ba346592b53f
  original: lts-16.4
